
Microsoft Visual Studio Solution File, Format Version 12.00
# Visual Studio Version 17
VisualStudioVersion = 17.14.36518.9
MinimumVisualStudioVersion = 10.0.40219.1
Project("{2150E333-8FDC-42A3-9474-1A3956D46DE8}") = "Task0", "Task0", "{02EA681E-C7D8-13C7-8484-4AC65E1B71E8}"
EndProject
Project("{FAE04EC0-301F-11D3-BF4B-00C04F79EFBC}") = "Tyuiu.KozhevnikovYV.Sprint4.Task0.V28", "Tyuiu.KozhevnikovYV.Sprint4.Task0.V28\Tyuiu.KozhevnikovYV.Sprint4.Task0.V28.csproj", "{83969CC0-7590-441D-98C7-C4D8D85C7E21}"
EndProject
Project("{FAE04EC0-301F-11D3-BF4B-00C04F79EFBC}") = "Tyuiu.KozhevnikovYV.Sprint4.Task0.V28.Lib", "Tyuiu.KozhevnikovYV.Sprint4.Task0.V28.Lib\Tyuiu.KozhevnikovYV.Sprint4.Task0.V28.Lib.csproj", "{3BA74EFE-94B0-4CC9-A1E8-01340EC07023}"
EndProject
Project("{FAE04EC0-301F-11D3-BF4B-00C04F79EFBC}") = "Tyuiu.KozhevnikovYV.Sprint4.Task0.V28.Test", "Tyuiu.KozhevnikovYV.Sprint4.Task0.V28.Test\Tyuiu.KozhevnikovYV.Sprint4.Task0.V28.Test.csproj", "{980B102C-0BF5-4544-9E67-17813B995B43}"
EndProject
Project("{2150E333-8FDC-42A3-9474-1A3956D46DE8}") = "Task1", "Task1", "{EBCCC4BB-8BC1-4F79-BD9D-CCD517837D12}"
EndProject
Project("{FAE04EC0-301F-11D3-BF4B-00C04F79EFBC}") = "Tyuiu.KozhevnikovYV.Sprint4.Task1.V10", "Tyuiu.KozhevnikovYV.Sprint4.Task1.V10\Tyuiu.KozhevnikovYV.Sprint4.Task1.V10.csproj", "{E222BA53-FB9D-477E-B243-4D5894BC1B43}"
EndProject
Project("{FAE04EC0-301F-11D3-BF4B-00C04F79EFBC}") = "Tyuiu.KozhevnikovYV.Sprint4.Task1.V10.Lib", "Tyuiu.KozhevnikovYV.Sprint4.Task1.V10.Lib\Tyuiu.KozhevnikovYV.Sprint4.Task1.V10.Lib.csproj", "{C1AB6BFA-64BB-4603-BC66-58093F95A496}"
EndProject
Project("{FAE04EC0-301F-11D3-BF4B-00C04F79EFBC}") = "Tyuiu.KozhevnikovYV.Sprint4.Task1.V10.Test", "Tyuiu.KozhevnikovYV.Sprint4.Task1.V10.Test\Tyuiu.KozhevnikovYV.Sprint4.Task1.V10.Test.csproj", "{D5CD213A-6E94-48DF-963C-A540360D913D}"
EndProject
Project("{2150E333-8FDC-42A3-9474-1A3956D46DE8}") = "Task2", "Task2", "{E19F2477-3631-4ABF-B767-322D03FF029E}"
EndProject
Project("{FAE04EC0-301F-11D3-BF4B-00C04F79EFBC}") = "Tyuiu.KozhevnikovYV.Sprint4.Task2.V29", "Tyuiu.KozhevnikovYV.Sprint4.Task2.V29\Tyuiu.KozhevnikovYV.Sprint4.Task2.V29.csproj", "{5A72E8B5-9C20-4D9D-A1CE-B57B158643C6}"
EndProject
Project("{FAE04EC0-301F-11D3-BF4B-00C04F79EFBC}") = "Tyuiu.KozhevnikovYV.Sprint4.Task2.V29.Lib", "Tyuiu.KozhevnikovYV.Sprint4.Task2.V29.Lib\Tyuiu.KozhevnikovYV.Sprint4.Task2.V29.Lib.csproj", "{573D5B0D-8951-4400-B05F-4B6949C1126F}"
EndProject
Project("{FAE04EC0-301F-11D3-BF4B-00C04F79EFBC}") = "Tyuiu.KozhevnikovYV.Sprint4.Task2.V29.Test", "Tyuiu.KozhevnikovYV.Sprint4.Task2.V29.Test\Tyuiu.KozhevnikovYV.Sprint4.Task2.V29.Test.csproj", "{BA9CD29C-DF2B-428E-9729-F0D41D28944E}"
EndProject
Project("{2150E333-8FDC-42A3-9474-1A3956D46DE8}") = "Task3", "Task3", "{E1CA5FC3-2B70-440F-8045-6823EDC80F31}"
EndProject
Project("{FAE04EC0-301F-11D3-BF4B-00C04F79EFBC}") = "Tyuiu.KozhevnikovYV.Sprint4.Task3.V1", "Tyuiu.KozhevnikovYV.Sprint4.Task3.V1\Tyuiu.KozhevnikovYV.Sprint4.Task3.V1.csproj", "{D4476783-5955-486F-95DC-E022A379F90B}"
EndProject
Project("{FAE04EC0-301F-11D3-BF4B-00C04F79EFBC}") = "Tyuiu.KozhevnikovYV.Sprint4.Task3.V1.Lib", "Tyuiu.KozhevnikovYV.Sprint4.Task3.V1.Lib\Tyuiu.KozhevnikovYV.Sprint4.Task3.V1.Lib.csproj", "{7AB35CE0-4552-4D63-B1E1-8B8A131436B5}"
EndProject
Project("{FAE04EC0-301F-11D3-BF4B-00C04F79EFBC}") = "Tyuiu.KozhevnikovYV.Sprint4.Task3.V1.Test", "Tyuiu.KozhevnikovYV.Sprint4.Task3.V1.Test\Tyuiu.KozhevnikovYV.Sprint4.Task3.V1.Test.csproj", "{E8C61704-73A8-4A29-8534-8994C9406C65}"
EndProject
Project("{2150E333-8FDC-42A3-9474-1A3956D46DE8}") = "Task4", "Task4", "{CE998BBA-5828-4DA4-BB2B-02B2165B22BF}"
EndProject
Project("{FAE04EC0-301F-11D3-BF4B-00C04F79EFBC}") = "Tyuiu.KozhevnikovYV.Sprint4.Task4.V6", "Tyuiu.KozhevnikovYV.Sprint4.Task4.V6\Tyuiu.KozhevnikovYV.Sprint4.Task4.V6.csproj", "{A6CEF1AC-9888-4C13-9D88-D8143BF31BFD}"
EndProject
Project("{FAE04EC0-301F-11D3-BF4B-00C04F79EFBC}") = "Tyuiu.KozhevnikovYV.Sprint4.Task4.V6.Lib", "Tyuiu.KozhevnikovYV.Sprint4.Task4.V6.Lib\Tyuiu.KozhevnikovYV.Sprint4.Task4.V6.Lib.csproj", "{5E7FBEDC-A5F8-4345-B1C6-433B34A8978D}"
EndProject
Project("{FAE04EC0-301F-11D3-BF4B-00C04F79EFBC}") = "Tyuiu.KozhevnikovYV.Sprint4.Task4.V6.Test", "Tyuiu.KozhevnikovYV.Sprint4.Task4.V6.Test\Tyuiu.KozhevnikovYV.Sprint4.Task4.V6.Test.csproj", "{370A8D7A-3C60-4070-BFEF-EF8F8A76D76D}"
EndProject
Project("{2150E333-8FDC-42A3-9474-1A3956D46DE8}") = "Task5", "Task5", "{32C99440-7242-4BCF-B2B5-2D7D2873CA05}"
EndProject
Project("{FAE04EC0-301F-11D3-BF4B-00C04F79EFBC}") = "Tyuiu.KozhevnikovYV.Sprint4.Task5.V13", "Tyuiu.KozhevnikovYV.Sprint4.Task5.V13\Tyuiu.KozhevnikovYV.Sprint4.Task5.V13.csproj", "{5B0C1331-E916-4DE5-A6E7-6EAC0C8D0995}"
EndProject
Project("{FAE04EC0-301F-11D3-BF4B-00C04F79EFBC}") = "Tyuiu.KozhevnikovYV.Sprint4.Task5.V13.Lib", "Tyuiu.KozhevnikovYV.Sprint4.Task5.V13.Lib\Tyuiu.KozhevnikovYV.Sprint4.Task5.V13.Lib.csproj", "{BE1E32A9-5A98-44AB-88B7-C0B8B763A269}"
EndProject
Project("{FAE04EC0-301F-11D3-BF4B-00C04F79EFBC}") = "Tyuiu.KozhevnikovYV.Sprint4.Task5.V13.Test", "Tyuiu.KozhevnikovYV.Sprint4.Task5.V13.Test\Tyuiu.KozhevnikovYV.Sprint4.Task5.V13.Test.csproj", "{AD7AB71E-7A51-4B91-AADD-7BDEC409EA34}"
EndProject
Project("{2150E333-8FDC-42A3-9474-1A3956D46DE8}") = "Task6", "Task6", "{E7163977-CF55-4704-999B-128B33C2373F}"
EndProject
Project("{FAE04EC0-301F-11D3-BF4B-00C04F79EFBC}") = "Tyuiu.KozhevnikovYV.Sprint4.Task6.V13", "Tyuiu.KozhevnikovYV.Sprint4.Task6.V13\Tyuiu.KozhevnikovYV.Sprint4.Task6.V13.csproj", "{C29AEDA2-A342-47CB-BDFE-C3FFEB99911E}"
EndProject
Project("{FAE04EC0-301F-11D3-BF4B-00C04F79EFBC}") = "Tyuiu.KozhevnikovYV.Sprint4.Task6.V13.Lib", "Tyuiu.KozhevnikovYV.Sprint4.Task6.V13.Lib\Tyuiu.KozhevnikovYV.Sprint4.Task6.V13.Lib.csproj", "{BC199A07-BF63-493A-86D1-E5DC2BCBA9E3}"
EndProject
Project("{FAE04EC0-301F-11D3-BF4B-00C04F79EFBC}") = "Tyuiu.KozhevnikovYV.Sprint4.Task6.V13.Test", "Tyuiu.KozhevnikovYV.Sprint4.Task6.V13.Test\Tyuiu.KozhevnikovYV.Sprint4.Task6.V13.Test.csproj", "{4E4D05E3-F595-4E5F-8A49-5D8FA3741BAA}"
EndProject
Project("{2150E333-8FDC-42A3-9474-1A3956D46DE8}") = "Task7", "Task7", "{46B19C2C-E7B1-4089-B7AB-8D2D6FF7AB99}"
EndProject
Project("{FAE04EC0-301F-11D3-BF4B-00C04F79EFBC}") = "Tyuiu.KozhevnikovYV.Sprint4.Task7.V2", "Tyuiu.KozhevnikovYV.Sprint4.Task7.V2\Tyuiu.KozhevnikovYV.Sprint4.Task7.V2.csproj", "{D432A8CE-A4D6-453B-8A39-127606F30B9C}"
EndProject
Project("{FAE04EC0-301F-11D3-BF4B-00C04F79EFBC}") = "Tyuiu.KozhevnikovYV.Sprint4.Task7.V2.Lib", "Tyuiu.KozhevnikovYV.Sprint4.Task7.V2.Lib\Tyuiu.KozhevnikovYV.Sprint4.Task7.V2.Lib.csproj", "{2F6BE7A5-BC24-4E47-86FD-509EC31BB9AD}"
EndProject
Project("{FAE04EC0-301F-11D3-BF4B-00C04F79EFBC}") = "Tyuiu.KozhevnikovYV.Sprint4.Task7.V2.Test", "Tyuiu.KozhevnikovYV.Sprint4.Task7.V2.Test\Tyuiu.KozhevnikovYV.Sprint4.Task7.V2.Test.csproj", "{36CCFE14-C2F5-4BF0-AABF-82AB1851DA18}"
EndProject
Global
	GlobalSection(SolutionConfigurationPlatforms) = preSolution
		Debug|Any CPU = Debug|Any CPU
		Release|Any CPU = Release|Any CPU
	EndGlobalSection
	GlobalSection(ProjectConfigurationPlatforms) = postSolution
		{83969CC0-7590-441D-98C7-C4D8D85C7E21}.Debug|Any CPU.ActiveCfg = Debug|Any CPU
		{83969CC0-7590-441D-98C7-C4D8D85C7E21}.Debug|Any CPU.Build.0 = Debug|Any CPU
		{83969CC0-7590-441D-98C7-C4D8D85C7E21}.Release|Any CPU.ActiveCfg = Release|Any CPU
		{83969CC0-7590-441D-98C7-C4D8D85C7E21}.Release|Any CPU.Build.0 = Release|Any CPU
		{3BA74EFE-94B0-4CC9-A1E8-01340EC07023}.Debug|Any CPU.ActiveCfg = Debug|Any CPU
		{3BA74EFE-94B0-4CC9-A1E8-01340EC07023}.Debug|Any CPU.Build.0 = Debug|Any CPU
		{3BA74EFE-94B0-4CC9-A1E8-01340EC07023}.Release|Any CPU.ActiveCfg = Release|Any CPU
		{3BA74EFE-94B0-4CC9-A1E8-01340EC07023}.Release|Any CPU.Build.0 = Release|Any CPU
		{980B102C-0BF5-4544-9E67-17813B995B43}.Debug|Any CPU.ActiveCfg = Debug|Any CPU
		{980B102C-0BF5-4544-9E67-17813B995B43}.Debug|Any CPU.Build.0 = Debug|Any CPU
		{980B102C-0BF5-4544-9E67-17813B995B43}.Release|Any CPU.ActiveCfg = Release|Any CPU
		{980B102C-0BF5-4544-9E67-17813B995B43}.Release|Any CPU.Build.0 = Release|Any CPU
		{E222BA53-FB9D-477E-B243-4D5894BC1B43}.Debug|Any CPU.ActiveCfg = Debug|Any CPU
		{E222BA53-FB9D-477E-B243-4D5894BC1B43}.Debug|Any CPU.Build.0 = Debug|Any CPU
		{E222BA53-FB9D-477E-B243-4D5894BC1B43}.Release|Any CPU.ActiveCfg = Release|Any CPU
		{E222BA53-FB9D-477E-B243-4D5894BC1B43}.Release|Any CPU.Build.0 = Release|Any CPU
		{C1AB6BFA-64BB-4603-BC66-58093F95A496}.Debug|Any CPU.ActiveCfg = Debug|Any CPU
		{C1AB6BFA-64BB-4603-BC66-58093F95A496}.Debug|Any CPU.Build.0 = Debug|Any CPU
		{C1AB6BFA-64BB-4603-BC66-58093F95A496}.Release|Any CPU.ActiveCfg = Release|Any CPU
		{C1AB6BFA-64BB-4603-BC66-58093F95A496}.Release|Any CPU.Build.0 = Release|Any CPU
		{D5CD213A-6E94-48DF-963C-A540360D913D}.Debug|Any CPU.ActiveCfg = Debug|Any CPU
		{D5CD213A-6E94-48DF-963C-A540360D913D}.Debug|Any CPU.Build.0 = Debug|Any CPU
		{D5CD213A-6E94-48DF-963C-A540360D913D}.Release|Any CPU.ActiveCfg = Release|Any CPU
		{D5CD213A-6E94-48DF-963C-A540360D913D}.Release|Any CPU.Build.0 = Release|Any CPU
		{5A72E8B5-9C20-4D9D-A1CE-B57B158643C6}.Debug|Any CPU.ActiveCfg = Debug|Any CPU
		{5A72E8B5-9C20-4D9D-A1CE-B57B158643C6}.Debug|Any CPU.Build.0 = Debug|Any CPU
		{5A72E8B5-9C20-4D9D-A1CE-B57B158643C6}.Release|Any CPU.ActiveCfg = Release|Any CPU
		{5A72E8B5-9C20-4D9D-A1CE-B57B158643C6}.Release|Any CPU.Build.0 = Release|Any CPU
		{573D5B0D-8951-4400-B05F-4B6949C1126F}.Debug|Any CPU.ActiveCfg = Debug|Any CPU
		{573D5B0D-8951-4400-B05F-4B6949C1126F}.Debug|Any CPU.Build.0 = Debug|Any CPU
		{573D5B0D-8951-4400-B05F-4B6949C1126F}.Release|Any CPU.ActiveCfg = Release|Any CPU
		{573D5B0D-8951-4400-B05F-4B6949C1126F}.Release|Any CPU.Build.0 = Release|Any CPU
		{BA9CD29C-DF2B-428E-9729-F0D41D28944E}.Debug|Any CPU.ActiveCfg = Debug|Any CPU
		{BA9CD29C-DF2B-428E-9729-F0D41D28944E}.Debug|Any CPU.Build.0 = Debug|Any CPU
		{BA9CD29C-DF2B-428E-9729-F0D41D28944E}.Release|Any CPU.ActiveCfg = Release|Any CPU
		{BA9CD29C-DF2B-428E-9729-F0D41D28944E}.Release|Any CPU.Build.0 = Release|Any CPU
		{D4476783-5955-486F-95DC-E022A379F90B}.Debug|Any CPU.ActiveCfg = Debug|Any CPU
		{D4476783-5955-486F-95DC-E022A379F90B}.Debug|Any CPU.Build.0 = Debug|Any CPU
		{D4476783-5955-486F-95DC-E022A379F90B}.Release|Any CPU.ActiveCfg = Release|Any CPU
		{D4476783-5955-486F-95DC-E022A379F90B}.Release|Any CPU.Build.0 = Release|Any CPU
		{7AB35CE0-4552-4D63-B1E1-8B8A131436B5}.Debug|Any CPU.ActiveCfg = Debug|Any CPU
		{7AB35CE0-4552-4D63-B1E1-8B8A131436B5}.Debug|Any CPU.Build.0 = Debug|Any CPU
		{7AB35CE0-4552-4D63-B1E1-8B8A131436B5}.Release|Any CPU.ActiveCfg = Release|Any CPU
		{7AB35CE0-4552-4D63-B1E1-8B8A131436B5}.Release|Any CPU.Build.0 = Release|Any CPU
		{E8C61704-73A8-4A29-8534-8994C9406C65}.Debug|Any CPU.ActiveCfg = Debug|Any CPU
		{E8C61704-73A8-4A29-8534-8994C9406C65}.Debug|Any CPU.Build.0 = Debug|Any CPU
		{E8C61704-73A8-4A29-8534-8994C9406C65}.Release|Any CPU.ActiveCfg = Release|Any CPU
		{E8C61704-73A8-4A29-8534-8994C9406C65}.Release|Any CPU.Build.0 = Release|Any CPU
		{A6CEF1AC-9888-4C13-9D88-D8143BF31BFD}.Debug|Any CPU.ActiveCfg = Debug|Any CPU
		{A6CEF1AC-9888-4C13-9D88-D8143BF31BFD}.Debug|Any CPU.Build.0 = Debug|Any CPU
		{A6CEF1AC-9888-4C13-9D88-D8143BF31BFD}.Release|Any CPU.ActiveCfg = Release|Any CPU
		{A6CEF1AC-9888-4C13-9D88-D8143BF31BFD}.Release|Any CPU.Build.0 = Release|Any CPU
		{5E7FBEDC-A5F8-4345-B1C6-433B34A8978D}.Debug|Any CPU.ActiveCfg = Debug|Any CPU
		{5E7FBEDC-A5F8-4345-B1C6-433B34A8978D}.Debug|Any CPU.Build.0 = Debug|Any CPU
		{5E7FBEDC-A5F8-4345-B1C6-433B34A8978D}.Release|Any CPU.ActiveCfg = Release|Any CPU
		{5E7FBEDC-A5F8-4345-B1C6-433B34A8978D}.Release|Any CPU.Build.0 = Release|Any CPU
		{370A8D7A-3C60-4070-BFEF-EF8F8A76D76D}.Debug|Any CPU.ActiveCfg = Debug|Any CPU
		{370A8D7A-3C60-4070-BFEF-EF8F8A76D76D}.Debug|Any CPU.Build.0 = Debug|Any CPU
		{370A8D7A-3C60-4070-BFEF-EF8F8A76D76D}.Release|Any CPU.ActiveCfg = Release|Any CPU
		{370A8D7A-3C60-4070-BFEF-EF8F8A76D76D}.Release|Any CPU.Build.0 = Release|Any CPU
		{5B0C1331-E916-4DE5-A6E7-6EAC0C8D0995}.Debug|Any CPU.ActiveCfg = Debug|Any CPU
		{5B0C1331-E916-4DE5-A6E7-6EAC0C8D0995}.Debug|Any CPU.Build.0 = Debug|Any CPU
		{5B0C1331-E916-4DE5-A6E7-6EAC0C8D0995}.Release|Any CPU.ActiveCfg = Release|Any CPU
		{5B0C1331-E916-4DE5-A6E7-6EAC0C8D0995}.Release|Any CPU.Build.0 = Release|Any CPU
		{BE1E32A9-5A98-44AB-88B7-C0B8B763A269}.Debug|Any CPU.ActiveCfg = Debug|Any CPU
		{BE1E32A9-5A98-44AB-88B7-C0B8B763A269}.Debug|Any CPU.Build.0 = Debug|Any CPU
		{BE1E32A9-5A98-44AB-88B7-C0B8B763A269}.Release|Any CPU.ActiveCfg = Release|Any CPU
		{BE1E32A9-5A98-44AB-88B7-C0B8B763A269}.Release|Any CPU.Build.0 = Release|Any CPU
		{AD7AB71E-7A51-4B91-AADD-7BDEC409EA34}.Debug|Any CPU.ActiveCfg = Debug|Any CPU
		{AD7AB71E-7A51-4B91-AADD-7BDEC409EA34}.Debug|Any CPU.Build.0 = Debug|Any CPU
		{AD7AB71E-7A51-4B91-AADD-7BDEC409EA34}.Release|Any CPU.ActiveCfg = Release|Any CPU
		{AD7AB71E-7A51-4B91-AADD-7BDEC409EA34}.Release|Any CPU.Build.0 = Release|Any CPU
		{C29AEDA2-A342-47CB-BDFE-C3FFEB99911E}.Debug|Any CPU.ActiveCfg = Debug|Any CPU
		{C29AEDA2-A342-47CB-BDFE-C3FFEB99911E}.Debug|Any CPU.Build.0 = Debug|Any CPU
		{C29AEDA2-A342-47CB-BDFE-C3FFEB99911E}.Release|Any CPU.ActiveCfg = Release|Any CPU
		{C29AEDA2-A342-47CB-BDFE-C3FFEB99911E}.Release|Any CPU.Build.0 = Release|Any CPU
		{BC199A07-BF63-493A-86D1-E5DC2BCBA9E3}.Debug|Any CPU.ActiveCfg = Debug|Any CPU
		{BC199A07-BF63-493A-86D1-E5DC2BCBA9E3}.Debug|Any CPU.Build.0 = Debug|Any CPU
		{BC199A07-BF63-493A-86D1-E5DC2BCBA9E3}.Release|Any CPU.ActiveCfg = Release|Any CPU
		{BC199A07-BF63-493A-86D1-E5DC2BCBA9E3}.Release|Any CPU.Build.0 = Release|Any CPU
		{4E4D05E3-F595-4E5F-8A49-5D8FA3741BAA}.Debug|Any CPU.ActiveCfg = Debug|Any CPU
		{4E4D05E3-F595-4E5F-8A49-5D8FA3741BAA}.Debug|Any CPU.Build.0 = Debug|Any CPU
		{4E4D05E3-F595-4E5F-8A49-5D8FA3741BAA}.Release|Any CPU.ActiveCfg = Release|Any CPU
		{4E4D05E3-F595-4E5F-8A49-5D8FA3741BAA}.Release|Any CPU.Build.0 = Release|Any CPU
		{D432A8CE-A4D6-453B-8A39-127606F30B9C}.Debug|Any CPU.ActiveCfg = Debug|Any CPU
		{D432A8CE-A4D6-453B-8A39-127606F30B9C}.Debug|Any CPU.Build.0 = Debug|Any CPU
		{D432A8CE-A4D6-453B-8A39-127606F30B9C}.Release|Any CPU.ActiveCfg = Release|Any CPU
		{D432A8CE-A4D6-453B-8A39-127606F30B9C}.Release|Any CPU.Build.0 = Release|Any CPU
		{2F6BE7A5-BC24-4E47-86FD-509EC31BB9AD}.Debug|Any CPU.ActiveCfg = Debug|Any CPU
		{2F6BE7A5-BC24-4E47-86FD-509EC31BB9AD}.Debug|Any CPU.Build.0 = Debug|Any CPU
		{2F6BE7A5-BC24-4E47-86FD-509EC31BB9AD}.Release|Any CPU.ActiveCfg = Release|Any CPU
		{2F6BE7A5-BC24-4E47-86FD-509EC31BB9AD}.Release|Any CPU.Build.0 = Release|Any CPU
		{36CCFE14-C2F5-4BF0-AABF-82AB1851DA18}.Debug|Any CPU.ActiveCfg = Debug|Any CPU
		{36CCFE14-C2F5-4BF0-AABF-82AB1851DA18}.Debug|Any CPU.Build.0 = Debug|Any CPU
		{36CCFE14-C2F5-4BF0-AABF-82AB1851DA18}.Release|Any CPU.ActiveCfg = Release|Any CPU
		{36CCFE14-C2F5-4BF0-AABF-82AB1851DA18}.Release|Any CPU.Build.0 = Release|Any CPU
	EndGlobalSection
	GlobalSection(SolutionProperties) = preSolution
		HideSolutionNode = FALSE
	EndGlobalSection
	GlobalSection(NestedProjects) = preSolution
		{83969CC0-7590-441D-98C7-C4D8D85C7E21} = {02EA681E-C7D8-13C7-8484-4AC65E1B71E8}
		{3BA74EFE-94B0-4CC9-A1E8-01340EC07023} = {02EA681E-C7D8-13C7-8484-4AC65E1B71E8}
		{980B102C-0BF5-4544-9E67-17813B995B43} = {02EA681E-C7D8-13C7-8484-4AC65E1B71E8}
		{E222BA53-FB9D-477E-B243-4D5894BC1B43} = {EBCCC4BB-8BC1-4F79-BD9D-CCD517837D12}
		{C1AB6BFA-64BB-4603-BC66-58093F95A496} = {EBCCC4BB-8BC1-4F79-BD9D-CCD517837D12}
		{D5CD213A-6E94-48DF-963C-A540360D913D} = {EBCCC4BB-8BC1-4F79-BD9D-CCD517837D12}
		{5A72E8B5-9C20-4D9D-A1CE-B57B158643C6} = {E19F2477-3631-4ABF-B767-322D03FF029E}
		{573D5B0D-8951-4400-B05F-4B6949C1126F} = {E19F2477-3631-4ABF-B767-322D03FF029E}
		{BA9CD29C-DF2B-428E-9729-F0D41D28944E} = {E19F2477-3631-4ABF-B767-322D03FF029E}
		{D4476783-5955-486F-95DC-E022A379F90B} = {E1CA5FC3-2B70-440F-8045-6823EDC80F31}
		{7AB35CE0-4552-4D63-B1E1-8B8A131436B5} = {E1CA5FC3-2B70-440F-8045-6823EDC80F31}
		{E8C61704-73A8-4A29-8534-8994C9406C65} = {E1CA5FC3-2B70-440F-8045-6823EDC80F31}
		{A6CEF1AC-9888-4C13-9D88-D8143BF31BFD} = {CE998BBA-5828-4DA4-BB2B-02B2165B22BF}
		{5E7FBEDC-A5F8-4345-B1C6-433B34A8978D} = {CE998BBA-5828-4DA4-BB2B-02B2165B22BF}
		{370A8D7A-3C60-4070-BFEF-EF8F8A76D76D} = {CE998BBA-5828-4DA4-BB2B-02B2165B22BF}
		{5B0C1331-E916-4DE5-A6E7-6EAC0C8D0995} = {32C99440-7242-4BCF-B2B5-2D7D2873CA05}
		{BE1E32A9-5A98-44AB-88B7-C0B8B763A269} = {32C99440-7242-4BCF-B2B5-2D7D2873CA05}
		{AD7AB71E-7A51-4B91-AADD-7BDEC409EA34} = {32C99440-7242-4BCF-B2B5-2D7D2873CA05}
		{C29AEDA2-A342-47CB-BDFE-C3FFEB99911E} = {E7163977-CF55-4704-999B-128B33C2373F}
		{BC199A07-BF63-493A-86D1-E5DC2BCBA9E3} = {E7163977-CF55-4704-999B-128B33C2373F}
		{4E4D05E3-F595-4E5F-8A49-5D8FA3741BAA} = {E7163977-CF55-4704-999B-128B33C2373F}
		{D432A8CE-A4D6-453B-8A39-127606F30B9C} = {46B19C2C-E7B1-4089-B7AB-8D2D6FF7AB99}
		{2F6BE7A5-BC24-4E47-86FD-509EC31BB9AD} = {46B19C2C-E7B1-4089-B7AB-8D2D6FF7AB99}
		{36CCFE14-C2F5-4BF0-AABF-82AB1851DA18} = {46B19C2C-E7B1-4089-B7AB-8D2D6FF7AB99}
	EndGlobalSection
	GlobalSection(ExtensibilityGlobals) = postSolution
		SolutionGuid = {F46A0921-A0CC-435F-9108-05F37133A21E}
	EndGlobalSection
EndGlobal
