
Microsoft Visual Studio Solution File, Format Version 12.00
# Visual Studio Version 17
VisualStudioVersion = 17.14.36518.9
MinimumVisualStudioVersion = 10.0.40219.1
Project("{2150E333-8FDC-42A3-9474-1A3956D46DE8}") = "Task0", "Task0", "{02EA681E-C7D8-13C7-8484-4AC65E1B71E8}"
EndProject
Project("{FAE04EC0-301F-11D3-BF4B-00C04F79EFBC}") = "Tyuiu.KozhevnikovYV.Sprint4.Task0.V28", "Tyuiu.KozhevnikovYV.Sprint4.Task0.V28\Tyuiu.KozhevnikovYV.Sprint4.Task0.V28.csproj", "{83969CC0-7590-441D-98C7-C4D8D85C7E21}"
EndProject
Project("{FAE04EC0-301F-11D3-BF4B-00C04F79EFBC}") = "Tyuiu.KozhevnikovYV.Sprint4.Task0.V28.Lib", "Tyuiu.KozhevnikovYV.Sprint4.Task0.V28.Lib\Tyuiu.KozhevnikovYV.Sprint4.Task0.V28.Lib.csproj", "{3BA74EFE-94B0-4CC9-A1E8-01340EC07023}"
EndProject
Project("{FAE04EC0-301F-11D3-BF4B-00C04F79EFBC}") = "Tyuiu.KozhevnikovYV.Sprint4.Task0.V28.Test", "Tyuiu.KozhevnikovYV.Sprint4.Task0.V28.Test\Tyuiu.KozhevnikovYV.Sprint4.Task0.V28.Test.csproj", "{980B102C-0BF5-4544-9E67-17813B995B43}"
EndProject
Project("{2150E333-8FDC-42A3-9474-1A3956D46DE8}") = "Task1", "Task1", "{EBCCC4BB-8BC1-4F79-BD9D-CCD517837D12}"
EndProject
Project("{FAE04EC0-301F-11D3-BF4B-00C04F79EFBC}") = "Tyuiu.KozhevnikovYV.Sprint4.Task1.V10", "Tyuiu.KozhevnikovYV.Sprint4.Task1.V10\Tyuiu.KozhevnikovYV.Sprint4.Task1.V10.csproj", "{E222BA53-FB9D-477E-B243-4D5894BC1B43}"
EndProject
Project("{FAE04EC0-301F-11D3-BF4B-00C04F79EFBC}") = "Tyuiu.KozhevnikovYV.Sprint4.Task1.V10.Lib", "Tyuiu.KozhevnikovYV.Sprint4.Task1.V10.Lib\Tyuiu.KozhevnikovYV.Sprint4.Task1.V10.Lib.csproj", "{C1AB6BFA-64BB-4603-BC66-58093F95A496}"
EndProject
Project("{FAE04EC0-301F-11D3-BF4B-00C04F79EFBC}") = "Tyuiu.KozhevnikovYV.Sprint4.Task1.V10.Test", "Tyuiu.KozhevnikovYV.Sprint4.Task1.V10.Test\Tyuiu.KozhevnikovYV.Sprint4.Task1.V10.Test.csproj", "{D5CD213A-6E94-48DF-963C-A540360D913D}"
EndProject
Project("{2150E333-8FDC-42A3-9474-1A3956D46DE8}") = "Task2", "Task2", "{E19F2477-3631-4ABF-B767-322D03FF029E}"
EndProject
Project("{FAE04EC0-301F-11D3-BF4B-00C04F79EFBC}") = "Tyuiu.KozhevnikovYV.Sprint4.Task2.V29", "Tyuiu.KozhevnikovYV.Sprint4.Task2.V29\Tyuiu.KozhevnikovYV.Sprint4.Task2.V29.csproj", "{5A72E8B5-9C20-4D9D-A1CE-B57B158643C6}"
EndProject
Project("{FAE04EC0-301F-11D3-BF4B-00C04F79EFBC}") = "Tyuiu.KozhevnikovYV.Sprint4.Task2.V29.Lib", "Tyuiu.KozhevnikovYV.Sprint4.Task2.V29.Lib\Tyuiu.KozhevnikovYV.Sprint4.Task2.V29.Lib.csproj", "{573D5B0D-8951-4400-B05F-4B6949C1126F}"
EndProject
Project("{FAE04EC0-301F-11D3-BF4B-00C04F79EFBC}") = "Tyuiu.KozhevnikovYV.Sprint4.Task2.V29.Test", "Tyuiu.KozhevnikovYV.Sprint4.Task2.V29.Test\Tyuiu.KozhevnikovYV.Sprint4.Task2.V29.Test.csproj", "{BA9CD29C-DF2B-428E-9729-F0D41D28944E}"
EndProject
Global
	GlobalSection(SolutionConfigurationPlatforms) = preSolution
		Debug|Any CPU = Debug|Any CPU
		Release|Any CPU = Release|Any CPU
	EndGlobalSection
	GlobalSection(ProjectConfigurationPlatforms) = postSolution
		{83969CC0-7590-441D-98C7-C4D8D85C7E21}.Debug|Any CPU.ActiveCfg = Debug|Any CPU
		{83969CC0-7590-441D-98C7-C4D8D85C7E21}.Debug|Any CPU.Build.0 = Debug|Any CPU
		{83969CC0-7590-441D-98C7-C4D8D85C7E21}.Release|Any CPU.ActiveCfg = Release|Any CPU
		{83969CC0-7590-441D-98C7-C4D8D85C7E21}.Release|Any CPU.Build.0 = Release|Any CPU
		{3BA74EFE-94B0-4CC9-A1E8-01340EC07023}.Debug|Any CPU.ActiveCfg = Debug|Any CPU
		{3BA74EFE-94B0-4CC9-A1E8-01340EC07023}.Debug|Any CPU.Build.0 = Debug|Any CPU
		{3BA74EFE-94B0-4CC9-A1E8-01340EC07023}.Release|Any CPU.ActiveCfg = Release|Any CPU
		{3BA74EFE-94B0-4CC9-A1E8-01340EC07023}.Release|Any CPU.Build.0 = Release|Any CPU
		{980B102C-0BF5-4544-9E67-17813B995B43}.Debug|Any CPU.ActiveCfg = Debug|Any CPU
		{980B102C-0BF5-4544-9E67-17813B995B43}.Debug|Any CPU.Build.0 = Debug|Any CPU
		{980B102C-0BF5-4544-9E67-17813B995B43}.Release|Any CPU.ActiveCfg = Release|Any CPU
		{980B102C-0BF5-4544-9E67-17813B995B43}.Release|Any CPU.Build.0 = Release|Any CPU
		{E222BA53-FB9D-477E-B243-4D5894BC1B43}.Debug|Any CPU.ActiveCfg = Debug|Any CPU
		{E222BA53-FB9D-477E-B243-4D5894BC1B43}.Debug|Any CPU.Build.0 = Debug|Any CPU
		{E222BA53-FB9D-477E-B243-4D5894BC1B43}.Release|Any CPU.ActiveCfg = Release|Any CPU
		{E222BA53-FB9D-477E-B243-4D5894BC1B43}.Release|Any CPU.Build.0 = Release|Any CPU
		{C1AB6BFA-64BB-4603-BC66-58093F95A496}.Debug|Any CPU.ActiveCfg = Debug|Any CPU
		{C1AB6BFA-64BB-4603-BC66-58093F95A496}.Debug|Any CPU.Build.0 = Debug|Any CPU
		{C1AB6BFA-64BB-4603-BC66-58093F95A496}.Release|Any CPU.ActiveCfg = Release|Any CPU
		{C1AB6BFA-64BB-4603-BC66-58093F95A496}.Release|Any CPU.Build.0 = Release|Any CPU
		{D5CD213A-6E94-48DF-963C-A540360D913D}.Debug|Any CPU.ActiveCfg = Debug|Any CPU
		{D5CD213A-6E94-48DF-963C-A540360D913D}.Debug|Any CPU.Build.0 = Debug|Any CPU
		{D5CD213A-6E94-48DF-963C-A540360D913D}.Release|Any CPU.ActiveCfg = Release|Any CPU
		{D5CD213A-6E94-48DF-963C-A540360D913D}.Release|Any CPU.Build.0 = Release|Any CPU
		{5A72E8B5-9C20-4D9D-A1CE-B57B158643C6}.Debug|Any CPU.ActiveCfg = Debug|Any CPU
		{5A72E8B5-9C20-4D9D-A1CE-B57B158643C6}.Debug|Any CPU.Build.0 = Debug|Any CPU
		{5A72E8B5-9C20-4D9D-A1CE-B57B158643C6}.Release|Any CPU.ActiveCfg = Release|Any CPU
		{5A72E8B5-9C20-4D9D-A1CE-B57B158643C6}.Release|Any CPU.Build.0 = Release|Any CPU
		{573D5B0D-8951-4400-B05F-4B6949C1126F}.Debug|Any CPU.ActiveCfg = Debug|Any CPU
		{573D5B0D-8951-4400-B05F-4B6949C1126F}.Debug|Any CPU.Build.0 = Debug|Any CPU
		{573D5B0D-8951-4400-B05F-4B6949C1126F}.Release|Any CPU.ActiveCfg = Release|Any CPU
		{573D5B0D-8951-4400-B05F-4B6949C1126F}.Release|Any CPU.Build.0 = Release|Any CPU
		{BA9CD29C-DF2B-428E-9729-F0D41D28944E}.Debug|Any CPU.ActiveCfg = Debug|Any CPU
		{BA9CD29C-DF2B-428E-9729-F0D41D28944E}.Debug|Any CPU.Build.0 = Debug|Any CPU
		{BA9CD29C-DF2B-428E-9729-F0D41D28944E}.Release|Any CPU.ActiveCfg = Release|Any CPU
		{BA9CD29C-DF2B-428E-9729-F0D41D28944E}.Release|Any CPU.Build.0 = Release|Any CPU
	EndGlobalSection
	GlobalSection(SolutionProperties) = preSolution
		HideSolutionNode = FALSE
	EndGlobalSection
	GlobalSection(NestedProjects) = preSolution
		{83969CC0-7590-441D-98C7-C4D8D85C7E21} = {02EA681E-C7D8-13C7-8484-4AC65E1B71E8}
		{3BA74EFE-94B0-4CC9-A1E8-01340EC07023} = {02EA681E-C7D8-13C7-8484-4AC65E1B71E8}
		{980B102C-0BF5-4544-9E67-17813B995B43} = {02EA681E-C7D8-13C7-8484-4AC65E1B71E8}
		{E222BA53-FB9D-477E-B243-4D5894BC1B43} = {EBCCC4BB-8BC1-4F79-BD9D-CCD517837D12}
		{C1AB6BFA-64BB-4603-BC66-58093F95A496} = {EBCCC4BB-8BC1-4F79-BD9D-CCD517837D12}
		{D5CD213A-6E94-48DF-963C-A540360D913D} = {EBCCC4BB-8BC1-4F79-BD9D-CCD517837D12}
		{5A72E8B5-9C20-4D9D-A1CE-B57B158643C6} = {E19F2477-3631-4ABF-B767-322D03FF029E}
		{573D5B0D-8951-4400-B05F-4B6949C1126F} = {E19F2477-3631-4ABF-B767-322D03FF029E}
		{BA9CD29C-DF2B-428E-9729-F0D41D28944E} = {E19F2477-3631-4ABF-B767-322D03FF029E}
	EndGlobalSection
	GlobalSection(ExtensibilityGlobals) = postSolution
		SolutionGuid = {F46A0921-A0CC-435F-9108-05F37133A21E}
	EndGlobalSection
EndGlobal
